// !$*UTF8*$!
{
	archiveVersion = 1;
	classes = {
	};
	objectVersion = 77;
	objects = {

/* Begin PBXContainerItemProxy section */
		C37610962E45B2DC004726D2 /* PBXContainerItemProxy */ = {
			isa = PBXContainerItemProxy;
			containerPortal = C376107F2E45B2DB004726D2 /* Project object */;
			proxyType = 1;
			remoteGlobalIDString = C37610862E45B2DB004726D2;
			remoteInfo = "Android Browser";
		};
		C37610A02E45B2DC004726D2 /* PBXContainerItemProxy */ = {
			isa = PBXContainerItemProxy;
			containerPortal = C376107F2E45B2DB004726D2 /* Project object */;
			proxyType = 1;
			remoteGlobalIDString = C37610862E45B2DB004726D2;
			remoteInfo = "Android Browser";
		};
/* End PBXContainerItemProxy section */

/* Begin PBXFileReference section */
		C37610872E45B2DB004726D2 /* Android Browser.app */ = {isa = PBXFileReference; explicitFileType = wrapper.application; includeInIndex = 0; path = "Android Browser.app"; sourceTree = BUILT_PRODUCTS_DIR; };
		C37610952E45B2DC004726D2 /* Android BrowserTests.xctest */ = {isa = PBXFileReference; explicitFileType = wrapper.cfbundle; includeInIndex = 0; path = "Android BrowserTests.xctest"; sourceTree = BUILT_PRODUCTS_DIR; };
		C376109F2E45B2DC004726D2 /* Android BrowserUITests.xctest */ = {isa = PBXFileReference; explicitFileType = wrapper.cfbundle; includeInIndex = 0; path = "Android BrowserUITests.xctest"; sourceTree = BUILT_PRODUCTS_DIR; };
/* End PBXFileReference section */

/* Begin PBXFileSystemSynchronizedRootGroup section */
		C37610892E45B2DB004726D2 /* Android Browser */ = {
			isa = PBXFileSystemSynchronizedRootGroup;
			path = "Android Browser";
			sourceTree = "<group>";
		};
		C37610982E45B2DC004726D2 /* Android BrowserTests */ = {
			isa = PBXFileSystemSynchronizedRootGroup;
			path = "Android BrowserTests";
			sourceTree = "<group>";
		};
		C37610A22E45B2DC004726D2 /* Android BrowserUITests */ = {
			isa = PBXFileSystemSynchronizedRootGroup;
			path = "Android BrowserUITests";
			sourceTree = "<group>";
		};
/* End PBXFileSystemSynchronizedRootGroup section */

/* Begin PBXFrameworksBuildPhase section */
		C37610842E45B2DB004726D2 /* Frameworks */ = {
			isa = PBXFrameworksBuildPhase;
			buildActionMask = 2147483647;
			files = (
			);
			runOnlyForDeploymentPostprocessing = 0;
		};
		C37610922E45B2DC004726D2 /* Frameworks */ = {
			isa = PBXFrameworksBuildPhase;
			buildActionMask = 2147483647;
			files = (
			);
			runOnlyForDeploymentPostprocessing = 0;
		};
		C376109C2E45B2DC004726D2 /* Frameworks */ = {
			isa = PBXFrameworksBuildPhase;
			buildActionMask = 2147483647;
			files = (
			);
			runOnlyForDeploymentPostprocessing = 0;
		};
/* End PBXFrameworksBuildPhase section */

/* Begin PBXGroup section */
		C376107E2E45B2DB004726D2 = {
			isa = PBXGroup;
			children = (
				C37610892E45B2DB004726D2 /* Android Browser */,
				C37610982E45B2DC004726D2 /* Android BrowserTests */,
				C37610A22E45B2DC004726D2 /* Android BrowserUITests */,
				C37610882E45B2DB004726D2 /* Products */,
			);
			sourceTree = "<group>";
		};
		C37610882E45B2DB004726D2 /* Products */ = {
			isa = PBXGroup;
			children = (
				C37610872E45B2DB004726D2 /* Android Browser.app */,
				C37610952E45B2DC004726D2 /* Android BrowserTests.xctest */,
				C376109F2E45B2DC004726D2 /* Android BrowserUITests.xctest */,
			);
			name = Products;
			sourceTree = "<group>";
		};
/* End PBXGroup section */

/* Begin PBXNativeTarget section */
		C37610862E45B2DB004726D2 /* Android Browser */ = {
			isa = PBXNativeTarget;
			buildConfigurationList = C37610A92E45B2DC004726D2 /* Build configuration list for PBXNativeTarget "Android Browser" */;
			buildPhases = (
				C37610832E45B2DB004726D2 /* Sources */,
				C37610842E45B2DB004726D2 /* Frameworks */,
				C37610852E45B2DB004726D2 /* Resources */,
			);
			buildRules = (
			);
			dependencies = (
			);
			fileSystemSynchronizedGroups = (
				C37610892E45B2DB004726D2 /* Android Browser */,
			);
			name = "Android Browser";
			packageProductDependencies = (
			);
			productName = "Android Browser";
			productReference = C37610872E45B2DB004726D2 /* Android Browser.app */;
			productType = "com.apple.product-type.application";
		};
		C37610942E45B2DC004726D2 /* Android BrowserTests */ = {
			isa = PBXNativeTarget;
			buildConfigurationList = C37610AC2E45B2DC004726D2 /* Build configuration list for PBXNativeTarget "Android BrowserTests" */;
			buildPhases = (
				C37610912E45B2DC004726D2 /* Sources */,
				C37610922E45B2DC004726D2 /* Frameworks */,
				C37610932E45B2DC004726D2 /* Resources */,
			);
			buildRules = (
			);
			dependencies = (
				C37610972E45B2DC004726D2 /* PBXTargetDependency */,
			);
			fileSystemSynchronizedGroups = (
				C37610982E45B2DC004726D2 /* Android BrowserTests */,
			);
			name = "Android BrowserTests";
			packageProductDependencies = (
			);
			productName = "Android BrowserTests";
			productReference = C37610952E45B2DC004726D2 /* Android BrowserTests.xctest */;
			productType = "com.apple.product-type.bundle.unit-test";
		};
		C376109E2E45B2DC004726D2 /* Android BrowserUITests */ = {
			isa = PBXNativeTarget;
			buildConfigurationList = C37610AF2E45B2DC004726D2 /* Build configuration list for PBXNativeTarget "Android BrowserUITests" */;
			buildPhases = (
				C376109B2E45B2DC004726D2 /* Sources */,
				C376109C2E45B2DC004726D2 /* Frameworks */,
				C376109D2E45B2DC004726D2 /* Resources */,
			);
			buildRules = (
			);
			dependencies = (
				C37610A12E45B2DC004726D2 /* PBXTargetDependency */,
			);
			fileSystemSynchronizedGroups = (
				C37610A22E45B2DC004726D2 /* Android BrowserUITests */,
			);
			name = "Android BrowserUITests";
			packageProductDependencies = (
			);
			productName = "Android BrowserUITests";
			productReference = C376109F2E45B2DC004726D2 /* Android BrowserUITests.xctest */;
			productType = "com.apple.product-type.bundle.ui-testing";
		};
/* End PBXNativeTarget section */

/* Begin PBXProject section */
		C376107F2E45B2DB004726D2 /* Project object */ = {
			isa = PBXProject;
			attributes = {
				BuildIndependentTargetsInParallel = 1;
				LastSwiftUpdateCheck = 1640;
				LastUpgradeCheck = 1640;
				TargetAttributes = {
					C37610862E45B2DB004726D2 = {
						CreatedOnToolsVersion = 16.4;
					};
					C37610942E45B2DC004726D2 = {
						CreatedOnToolsVersion = 16.4;
						TestTargetID = C37610862E45B2DB004726D2;
					};
					C376109E2E45B2DC004726D2 = {
						CreatedOnToolsVersion = 16.4;
						TestTargetID = C37610862E45B2DB004726D2;
					};
				};
			};
			buildConfigurationList = C37610822E45B2DB004726D2 /* Build configuration list for PBXProject "Android Browser" */;
			developmentRegion = en;
			hasScannedForEncodings = 0;
			knownRegions = (
				en,
				Base,
			);
			mainGroup = C376107E2E45B2DB004726D2;
			minimizedProjectReferenceProxies = 1;
			preferredProjectObjectVersion = 77;
			productRefGroup = C37610882E45B2DB004726D2 /* Products */;
			projectDirPath = "";
			projectRoot = "";
			targets = (
				C37610862E45B2DB004726D2 /* Android Browser */,
				C37610942E45B2DC004726D2 /* Android BrowserTests */,
				C376109E2E45B2DC004726D2 /* Android BrowserUITests */,
			);
		};
/* End PBXProject section */

/* Begin PBXResourcesBuildPhase section */
		C37610852E45B2DB004726D2 /* Resources */ = {
			isa = PBXResourcesBuildPhase;
			buildActionMask = 2147483647;
			files = (
			);
			runOnlyForDeploymentPostprocessing = 0;
		};
		C37610932E45B2DC004726D2 /* Resources */ = {
			isa = PBXResourcesBuildPhase;
			buildActionMask = 2147483647;
			files = (
			);
			runOnlyForDeploymentPostprocessing = 0;
		};
		C376109D2E45B2DC004726D2 /* Resources */ = {
			isa = PBXResourcesBuildPhase;
			buildActionMask = 2147483647;
			files = (
			);
			runOnlyForDeploymentPostprocessing = 0;
		};
/* End PBXResourcesBuildPhase section */

/* Begin PBXSourcesBuildPhase section */
		C37610832E45B2DB004726D2 /* Sources */ = {
			isa = PBXSourcesBuildPhase;
			buildActionMask = 2147483647;
			files = (
			);
			runOnlyForDeploymentPostprocessing = 0;
		};
		C37610912E45B2DC004726D2 /* Sources */ = {
			isa = PBXSourcesBuildPhase;
			buildActionMask = 2147483647;
			files = (
			);
			runOnlyForDeploymentPostprocessing = 0;
		};
		C376109B2E45B2DC004726D2 /* Sources */ = {
			isa = PBXSourcesBuildPhase;
			buildActionMask = 2147483647;
			files = (
			);
			runOnlyForDeploymentPostprocessing = 0;
		};
/* End PBXSourcesBuildPhase section */

/* Begin PBXTargetDependency section */
		C37610972E45B2DC004726D2 /* PBXTargetDependency */ = {
			isa = PBXTargetDependency;
			target = C37610862E45B2DB004726D2 /* Android Browser */;
			targetProxy = C37610962E45B2DC004726D2 /* PBXContainerItemProxy */;
		};
		C37610A12E45B2DC004726D2 /* PBXTargetDependency */ = {
			isa = PBXTargetDependency;
			target = C37610862E45B2DB004726D2 /* Android Browser */;
			targetProxy = C37610A02E45B2DC004726D2 /* PBXContainerItemProxy */;
		};
/* End PBXTargetDependency section */

/* Begin XCBuildConfiguration section */
		C37610A72E45B2DC004726D2 /* Debug */ = {
			isa = XCBuildConfiguration;
			buildSettings = {
				ALWAYS_SEARCH_USER_PATHS = NO;
				ASSETCATALOG_COMPILER_GENERATE_SWIFT_ASSET_SYMBOL_EXTENSIONS = YES;
				CLANG_ANALYZER_NONNULL = YES;
				CLANG_ANALYZER_NUMBER_OBJECT_CONVERSION = YES_AGGRESSIVE;
				CLANG_CXX_LANGUAGE_STANDARD = "gnu++20";
				CLANG_ENABLE_MODULES = YES;
				CLANG_ENABLE_OBJC_ARC = YES;
				CLANG_ENABLE_OBJC_WEAK = YES;
				CLANG_WARN_BLOCK_CAPTURE_AUTORELEASING = YES;
				CLANG_WARN_BOOL_CONVERSION = YES;
				CLANG_WARN_COMMA = YES;
				CLANG_WARN_CONSTANT_CONVERSION = YES;
				CLANG_WARN_DEPRECATED_OBJC_IMPLEMENTATIONS = YES;
				CLANG_WARN_DIRECT_OBJC_ISA_USAGE = YES_ERROR;
				CLANG_WARN_DOCUMENTATION_COMMENTS = YES;
				CLANG_WARN_EMPTY_BODY = YES;
				CLANG_WARN_ENUM_CONVERSION = YES;
				CLANG_WARN_INFINITE_RECURSION = YES;
				CLANG_WARN_INT_CONVERSION = YES;
				CLANG_WARN_NON_LITERAL_NULL_CONVERSION = YES;
				CLANG_WARN_OBJC_IMPLICIT_RETAIN_SELF = YES;
				CLANG_WARN_OBJC_LITERAL_CONVERSION = YES;
				CLANG_WARN_OBJC_ROOT_CLASS = YES_ERROR;
				CLANG_WARN_QUOTED_INCLUDE_IN_FRAMEWORK_HEADER = YES;
				CLANG_WARN_RANGE_LOOP_ANALYSIS = YES;
				CLANG_WARN_STRICT_PROTOTYPES = YES;
				CLANG_WARN_SUSPICIOUS_MOVE = YES;
				CLANG_WARN_UNGUARDED_AVAILABILITY = YES_AGGRESSIVE;
				CLANG_WARN_UNREACHABLE_CODE = YES;
				CLANG_WARN__DUPLICATE_METHOD_MATCH = YES;
				COPY_PHASE_STRIP = NO;
				DEBUG_INFORMATION_FORMAT = dwarf;
				ENABLE_STRICT_OBJC_MSGSEND = YES;
				ENABLE_TESTABILITY = YES;
				ENABLE_USER_SCRIPT_SANDBOXING = YES;
				GCC_C_LANGUAGE_STANDARD = gnu17;
				GCC_DYNAMIC_NO_PIC = NO;
				GCC_NO_COMMON_BLOCKS = YES;
				GCC_OPTIMIZATION_LEVEL = 0;
				GCC_PREPROCESSOR_DEFINITIONS = (
					"DEBUG=1",
					"$(inherited)",
				);
				GCC_WARN_64_TO_32_BIT_CONVERSION = YES;
				GCC_WARN_ABOUT_RETURN_TYPE = YES_ERROR;
				GCC_WARN_UNDECLARED_SELECTOR = YES;
				GCC_WARN_UNINITIALIZED_AUTOS = YES_AGGRESSIVE;
				GCC_WARN_UNUSED_FUNCTION = YES;
				GCC_WARN_UNUSED_VARIABLE = YES;
				LOCALIZATION_PREFERS_STRING_CATALOGS = YES;
				MACOSX_DEPLOYMENT_TARGET = 15.5;
				MTL_ENABLE_DEBUG_INFO = INCLUDE_SOURCE;
				MTL_FAST_MATH = YES;
				ONLY_ACTIVE_ARCH = YES;
				SDKROOT = macosx;
				SWIFT_ACTIVE_COMPILATION_CONDITIONS = "DEBUG $(inherited)";
				SWIFT_OPTIMIZATION_LEVEL = "-Onone";
			};
			name = Debug;
		};
		C37610A82E45B2DC004726D2 /* Release */ = {
			isa = XCBuildConfiguration;
			buildSettings = {
				ALWAYS_SEARCH_USER_PATHS = NO;
				ASSETCATALOG_COMPILER_GENERATE_SWIFT_ASSET_SYMBOL_EXTENSIONS = YES;
				CLANG_ANALYZER_NONNULL = YES;
				CLANG_ANALYZER_NUMBER_OBJECT_CONVERSION = YES_AGGRESSIVE;
				CLANG_CXX_LANGUAGE_STANDARD = "gnu++20";
				CLANG_ENABLE_MODULES = YES;
				CLANG_ENABLE_OBJC_ARC = YES;
				CLANG_ENABLE_OBJC_WEAK = YES;
				CLANG_WARN_BLOCK_CAPTURE_AUTORELEASING = YES;
				CLANG_WARN_BOOL_CONVERSION = YES;
				CLANG_WARN_COMMA = YES;
				CLANG_WARN_CONSTANT_CONVERSION = YES;
				CLANG_WARN_DEPRECATED_OBJC_IMPLEMENTATIONS = YES;
				CLANG_WARN_DIRECT_OBJC_ISA_USAGE = YES_ERROR;
				CLANG_WARN_DOCUMENTATION_COMMENTS = YES;
				CLANG_WARN_EMPTY_BODY = YES;
				CLANG_WARN_ENUM_CONVERSION = YES;
				CLANG_WARN_INFINITE_RECURSION = YES;
				CLANG_WARN_INT_CONVERSION = YES;
				CLANG_WARN_NON_LITERAL_NULL_CONVERSION = YES;
				CLANG_WARN_OBJC_IMPLICIT_RETAIN_SELF = YES;
				CLANG_WARN_OBJC_LITERAL_CONVERSION = YES;
				CLANG_WARN_OBJC_ROOT_CLASS = YES_ERROR;
				CLANG_WARN_QUOTED_INCLUDE_IN_FRAMEWORK_HEADER = YES;
				CLANG_WARN_RANGE_LOOP_ANALYSIS = YES;
				CLANG_WARN_STRICT_PROTOTYPES = YES;
				CLANG_WARN_SUSPICIOUS_MOVE = YES;
				CLANG_WARN_UNGUARDED_AVAILABILITY = YES_AGGRESSIVE;
				CLANG_WARN_UNREACHABLE_CODE = YES;
				CLANG_WARN__DUPLICATE_METHOD_MATCH = YES;
				COPY_PHASE_STRIP = NO;
				DEBUG_INFORMATION_FORMAT = "dwarf-with-dsym";
				ENABLE_NS_ASSERTIONS = NO;
				ENABLE_STRICT_OBJC_MSGSEND = YES;
				ENABLE_USER_SCRIPT_SANDBOXING = YES;
				GCC_C_LANGUAGE_STANDARD = gnu17;
				GCC_NO_COMMON_BLOCKS = YES;
				GCC_WARN_64_TO_32_BIT_CONVERSION = YES;
				GCC_WARN_ABOUT_RETURN_TYPE = YES_ERROR;
				GCC_WARN_UNDECLARED_SELECTOR = YES;
				GCC_WARN_UNINITIALIZED_AUTOS = YES_AGGRESSIVE;
				GCC_WARN_UNUSED_FUNCTION = YES;
				GCC_WARN_UNUSED_VARIABLE = YES;
				LOCALIZATION_PREFERS_STRING_CATALOGS = YES;
				MACOSX_DEPLOYMENT_TARGET = 15.5;
				MTL_ENABLE_DEBUG_INFO = NO;
				MTL_FAST_MATH = YES;
				SDKROOT = macosx;
				SWIFT_COMPILATION_MODE = wholemodule;
			};
			name = Release;
		};
		C37610AA2E45B2DC004726D2 /* Debug */ = {
			isa = XCBuildConfiguration;
			buildSettings = {
				ASSETCATALOG_COMPILER_APPICON_NAME = AppIcon;
				ASSETCATALOG_COMPILER_GLOBAL_ACCENT_COLOR_NAME = AccentColor;
				CODE_SIGN_ENTITLEMENTS = "Android Browser/Android_Browser.entitlements";
				CODE_SIGN_STYLE = Automatic;
				COMBINE_HIDPI_IMAGES = YES;
				CURRENT_PROJECT_VERSION = 1;
				ENABLE_PREVIEWS = YES;
				GENERATE_INFOPLIST_FILE = YES;
				INFOPLIST_KEY_NSHumanReadableCopyright = "";
				LD_RUNPATH_SEARCH_PATHS = (
					"$(inherited)",
					"@executable_path/../Frameworks",
				);
				MARKETING_VERSION = 1.0;
				PRODUCT_BUNDLE_IDENTIFIER = "me.hysong.Android-Browser";
				PRODUCT_NAME = "$(TARGET_NAME)";
				REGISTER_APP_GROUPS = YES;
				SWIFT_EMIT_LOC_STRINGS = YES;
				SWIFT_VERSION = 5.0;
			};
			name = Debug;
		};
		C37610AB2E45B2DC004726D2 /* Release */ = {
			isa = XCBuildConfiguration;
			buildSettings = {
				ASSETCATALOG_COMPILER_APPICON_NAME = AppIcon;
				ASSETCATALOG_COMPILER_GLOBAL_ACCENT_COLOR_NAME = AccentColor;
				CODE_SIGN_ENTITLEMENTS = "Android Browser/Android_Browser.entitlements";
				CODE_SIGN_STYLE = Automatic;
				COMBINE_HIDPI_IMAGES = YES;
				CURRENT_PROJECT_VERSION = 1;
				ENABLE_PREVIEWS = YES;
				GENERATE_INFOPLIST_FILE = YES;
				INFOPLIST_KEY_NSHumanReadableCopyright = "";
				LD_RUNPATH_SEARCH_PATHS = (
					"$(inherited)",
					"@executable_path/../Frameworks",
				);
				MARKETING_VERSION = 1.0;
				PRODUCT_BUNDLE_IDENTIFIER = "me.hysong.Android-Browser";
				PRODUCT_NAME = "$(TARGET_NAME)";
				REGISTER_APP_GROUPS = YES;
				SWIFT_EMIT_LOC_STRINGS = YES;
				SWIFT_VERSION = 5.0;
			};
			name = Release;
		};
		C37610AD2E45B2DC004726D2 /* Debug */ = {
			isa = XCBuildConfiguration;
			buildSettings = {
				BUNDLE_LOADER = "$(TEST_HOST)";
				CODE_SIGN_STYLE = Automatic;
				CURRENT_PROJECT_VERSION = 1;
				GENERATE_INFOPLIST_FILE = YES;
				MACOSX_DEPLOYMENT_TARGET = 15.5;
				MARKETING_VERSION = 1.0;
				PRODUCT_BUNDLE_IDENTIFIER = "me.hysong.Android-BrowserTests";
				PRODUCT_NAME = "$(TARGET_NAME)";
				SWIFT_EMIT_LOC_STRINGS = NO;
				SWIFT_VERSION = 5.0;
				TEST_HOST = "$(BUILT_PRODUCTS_DIR)/Android Browser.app/$(BUNDLE_EXECUTABLE_FOLDER_PATH)/Android Browser";
			};
			name = Debug;
		};
		C37610AE2E45B2DC004726D2 /* Release */ = {
			isa = XCBuildConfiguration;
			buildSettings = {
				BUNDLE_LOADER = "$(TEST_HOST)";
				CODE_SIGN_STYLE = Automatic;
				CURRENT_PROJECT_VERSION = 1;
				GENERATE_INFOPLIST_FILE = YES;
				MACOSX_DEPLOYMENT_TARGET = 15.5;
				MARKETING_VERSION = 1.0;
				PRODUCT_BUNDLE_IDENTIFIER = "me.hysong.Android-BrowserTests";
				PRODUCT_NAME = "$(TARGET_NAME)";
				SWIFT_EMIT_LOC_STRINGS = NO;
				SWIFT_VERSION = 5.0;
				TEST_HOST = "$(BUILT_PRODUCTS_DIR)/Android Browser.app/$(BUNDLE_EXECUTABLE_FOLDER_PATH)/Android Browser";
			};
			name = Release;
		};
		C37610B02E45B2DC004726D2 /* Debug */ = {
			isa = XCBuildConfiguration;
			buildSettings = {
				CODE_SIGN_STYLE = Automatic;
				CURRENT_PROJECT_VERSION = 1;
				GENERATE_INFOPLIST_FILE = YES;
				MARKETING_VERSION = 1.0;
				PRODUCT_BUNDLE_IDENTIFIER = "me.hysong.Android-BrowserUITests";
				PRODUCT_NAME = "$(TARGET_NAME)";
				SWIFT_EMIT_LOC_STRINGS = NO;
				SWIFT_VERSION = 5.0;
				TEST_TARGET_NAME = "Android Browser";
			};
			name = Debug;
		};
		C37610B12E45B2DC004726D2 /* Release */ = {
			isa = XCBuildConfiguration;
			buildSettings = {
				CODE_SIGN_STYLE = Automatic;
				CURRENT_PROJECT_VERSION = 1;
				GENERATE_INFOPLIST_FILE = YES;
				MARKETING_VERSION = 1.0;
				PRODUCT_BUNDLE_IDENTIFIER = "me.hysong.Android-BrowserUITests";
				PRODUCT_NAME = "$(TARGET_NAME)";
				SWIFT_EMIT_LOC_STRINGS = NO;
				SWIFT_VERSION = 5.0;
				TEST_TARGET_NAME = "Android Browser";
			};
			name = Release;
		};
/* End XCBuildConfiguration section */

/* Begin XCConfigurationList section */
		C37610822E45B2DB004726D2 /* Build configuration list for PBXProject "Android Browser" */ = {
			isa = XCConfigurationList;
			buildConfigurations = (
				C37610A72E45B2DC004726D2 /* Debug */,
				C37610A82E45B2DC004726D2 /* Release */,
			);
			defaultConfigurationIsVisible = 0;
			defaultConfigurationName = Release;
		};
		C37610A92E45B2DC004726D2 /* Build configuration list for PBXNativeTarget "Android Browser" */ = {
			isa = XCConfigurationList;
			buildConfigurations = (
				C37610AA2E45B2DC004726D2 /* Debug */,
				C37610AB2E45B2DC004726D2 /* Release */,
			);
			defaultConfigurationIsVisible = 0;
			defaultConfigurationName = Release;
		};
		C37610AC2E45B2DC004726D2 /* Build configuration list for PBXNativeTarget "Android BrowserTests" */ = {
			isa = XCConfigurationList;
			buildConfigurations = (
				C37610AD2E45B2DC004726D2 /* Debug */,
				C37610AE2E45B2DC004726D2 /* Release */,
			);
			defaultConfigurationIsVisible = 0;
			defaultConfigurationName = Release;
		};
		C37610AF2E45B2DC004726D2 /* Build configuration list for PBXNativeTarget "Android BrowserUITests" */ = {
			isa = XCConfigurationList;
			buildConfigurations = (
				C37610B02E45B2DC004726D2 /* Debug */,
				C37610B12E45B2DC004726D2 /* Release */,
			);
			defaultConfigurationIsVisible = 0;
			defaultConfigurationName = Release;
		};
/* End XCConfigurationList section */
	};
	rootObject = C376107F2E45B2DB004726D2 /* Project object */;
}
